
Microsoft Visual Studio Solution File, Format Version 12.00
# Visual Studio Version 16
VisualStudioVersion = 16.0.32802.440
MinimumVisualStudioVersion = 10.0.40219.1
Project("{FAE04EC0-301F-11D3-BF4B-00C04F79EFBC}") = "ShaharParis", "ShaharParis\ShaharParis.csproj", "{CD14F716-1B92-44DE-8C91-EDF89EE7DDDE}"
EndProject
Global
	GlobalSection(SolutionConfigurationPlatforms) = preSolution
		Debug|Any CPU = Debug|Any CPU
		Release|Any CPU = Release|Any CPU
	EndGlobalSection
	GlobalSection(ProjectConfigurationPlatforms) = postSolution
		{CD14F716-1B92-44DE-8C91-EDF89EE7DDDE}.Debug|Any CPU.ActiveCfg = Debug|Any CPU
		{CD14F716-1B92-44DE-8C91-EDF89EE7DDDE}.Debug|Any CPU.Build.0 = Debug|Any CPU
		{CD14F716-1B92-44DE-8C91-EDF89EE7DDDE}.Release|Any CPU.ActiveCfg = Release|Any CPU
		{CD14F716-1B92-44DE-8C91-EDF89EE7DDDE}.Release|Any CPU.Build.0 = Release|Any CPU
	EndGlobalSection
	GlobalSection(SolutionProperties) = preSolution
		HideSolutionNode = FALSE
	EndGlobalSection
	GlobalSection(ExtensibilityGlobals) = postSolution
		SolutionGuid = {AF19D426-6F2A-43F8-AEC7-FFB0977A4747}
	EndGlobalSection
EndGlobal
